{
    "requires": true,
    "lockfileVersion": 1,
    "dependencies": {
        "laravel-echo": {
            "version": "1.9.0",
            "resolved": "https://registry.npmjs.org/laravel-echo/-/laravel-echo-1.9.0.tgz",
            "integrity": "sha512-+kw4mjwnMY2KXdKPpd5lHba8CNmYj9QzotK+E42Oz8B6flKViwkP+BQvahWTKxpkFwt5O2Iejk/etgQH6DhobQ=="
        }
    }
}
